<?xml version="1.0" encoding="utf-8"?>
<Project ToolsVersion="4.0" xmlns="http://schemas.microsoft.com/developer/msbuild/2003">
  <ItemGroup>
    <Filter Include="소스 파일">
      <UniqueIdentifier>{4FC737F1-C7A5-4376-A066-2A32D752A2FF}</UniqueIdentifier>
      <Extensions>cpp;c;cc;cxx;c++;cppm;ixx;def;odl;idl;hpj;bat;asm;asmx</Extensions>
    </Filter>
    <Filter Include="헤더 파일">
      <UniqueIdentifier>{93995380-89BD-4b04-88EB-625FBE52EBFB}</UniqueIdentifier>
      <Extensions>h;hh;hpp;hxx;h++;hm;inl;inc;ipp;xsd</Extensions>
    </Filter>
    <Filter Include="리소스 파일">
      <UniqueIdentifier>{67DA6AB6-F800-4c08-8B7A-83BB121AAD01}</UniqueIdentifier>
      <Extensions>rc;ico;cur;bmp;dlg;rc2;rct;bin;rgs;gif;jpg;jpeg;jpe;resx;tiff;tif;png;wav;mfcribbon-ms</Extensions>
    </Filter>
    <Filter Include="소스 파일\Memory">
      <UniqueIdentifier>{5313636e-bcfe-494f-b92c-a4936fdb4578}</UniqueIdentifier>
    </Filter>
    <Filter Include="소스 파일\Reference">
      <UniqueIdentifier>{bff65b69-0793-47c3-acb4-dc1243b979ec}</UniqueIdentifier>
    </Filter>
    <Filter Include="소스 파일\Class">
      <UniqueIdentifier>{d8286777-d25e-4daa-bbd0-fa314f1bb438}</UniqueIdentifier>
    </Filter>
    <Filter Include="소스 파일\ObjArr">
      <UniqueIdentifier>{8c8bdd84-cb9e-4dd4-9760-9e9fb2979523}</UniqueIdentifier>
    </Filter>
    <Filter Include="소스 파일\Static">
      <UniqueIdentifier>{d977c3f5-8d81-4ac5-8ee4-b4c954701740}</UniqueIdentifier>
    </Filter>
    <Filter Include="소스 파일\Cosnt">
      <UniqueIdentifier>{c7016100-9a38-4c7a-83aa-4ee5cd300420}</UniqueIdentifier>
    </Filter>
    <Filter Include="소스 파일\Lab">
      <UniqueIdentifier>{1b40132c-b26f-4f83-a319-f67dd03fb5bb}</UniqueIdentifier>
    </Filter>
  </ItemGroup>
  <ItemGroup>
    <ClCompile Include="new.cpp">
      <Filter>소스 파일\Memory</Filter>
    </ClCompile>
    <ClCompile Include="new2.cpp">
      <Filter>소스 파일\Memory</Filter>
    </ClCompile>
    <ClCompile Include="malloc_new.cpp">
      <Filter>소스 파일\Memory</Filter>
    </ClCompile>
    <ClCompile Include="new_delete.cpp">
      <Filter>소스 파일\Memory</Filter>
    </ClCompile>
    <ClCompile Include="new_struct.cpp">
      <Filter>소스 파일\Memory</Filter>
    </ClCompile>
    <ClCompile Include="new_class.cpp">
      <Filter>소스 파일\Memory</Filter>
    </ClCompile>
    <ClCompile Include="test.cpp">
      <Filter>소스 파일</Filter>
    </ClCompile>
    <ClCompile Include="reference1.cpp">
      <Filter>소스 파일\Reference</Filter>
    </ClCompile>
    <ClCompile Include="reference2.cpp">
      <Filter>소스 파일\Reference</Filter>
    </ClCompile>
    <ClCompile Include="constructor.cpp">
      <Filter>소스 파일\Class</Filter>
    </ClCompile>
    <ClCompile Include="constructor2.cpp">
      <Filter>소스 파일\Class</Filter>
    </ClCompile>
    <ClCompile Include="RAII.cpp">
      <Filter>소스 파일\Class</Filter>
    </ClCompile>
    <ClCompile Include="memberInit.cpp">
      <Filter>소스 파일\Class</Filter>
    </ClCompile>
    <ClCompile Include="refMember.cpp">
      <Filter>소스 파일\Class</Filter>
    </ClCompile>
    <ClCompile Include="privatecreator.cpp">
      <Filter>소스 파일\Class</Filter>
    </ClCompile>
    <ClCompile Include="delegatingConstructors.cpp">
      <Filter>소스 파일\Class</Filter>
    </ClCompile>
    <ClCompile Include="objArr.cpp">
      <Filter>소스 파일\ObjArr</Filter>
    </ClCompile>
    <ClCompile Include="objPointerArr.cpp">
      <Filter>소스 파일\ObjArr</Filter>
    </ClCompile>
    <ClCompile Include="this.cpp">
      <Filter>소스 파일\Class</Filter>
    </ClCompile>
    <ClCompile Include="this2.cpp">
      <Filter>소스 파일\Class</Filter>
    </ClCompile>
    <ClCompile Include="callBy.cpp">
      <Filter>소스 파일\Class</Filter>
    </ClCompile>
    <ClCompile Include="pointerArr.cpp">
      <Filter>소스 파일\Class</Filter>
    </ClCompile>
    <ClCompile Include="refReturn.cpp">
      <Filter>소스 파일\Class</Filter>
    </ClCompile>
    <ClCompile Include="size.cpp">
      <Filter>소스 파일\Class</Filter>
    </ClCompile>
    <ClCompile Include="constObjPointer.cpp">
      <Filter>소스 파일\Cosnt</Filter>
    </ClCompile>
    <ClCompile Include="mutable.cpp">
      <Filter>소스 파일\Cosnt</Filter>
    </ClCompile>
    <ClCompile Include="constObject.cpp">
      <Filter>소스 파일\Cosnt</Filter>
    </ClCompile>
    <ClCompile Include="staticCommon.cpp">
      <Filter>소스 파일\Static</Filter>
    </ClCompile>
    <ClCompile Include="staticMember.cpp">
      <Filter>소스 파일\Static</Filter>
    </ClCompile>
    <ClCompile Include="Lab_ObjArr.cpp">
      <Filter>소스 파일\Lab</Filter>
    </ClCompile>
    <ClCompile Include="Lab_Singleton.cpp">
      <Filter>소스 파일\Lab</Filter>
    </ClCompile>
  </ItemGroup>
</Project>