<?xml version="1.0" encoding="utf-8"?>
<Project ToolsVersion="4.0" xmlns="http://schemas.microsoft.com/developer/msbuild/2003">
  <ItemGroup>
    <Filter Include="소스 파일">
      <UniqueIdentifier>{4FC737F1-C7A5-4376-A066-2A32D752A2FF}</UniqueIdentifier>
      <Extensions>cpp;c;cc;cxx;c++;cppm;ixx;def;odl;idl;hpj;bat;asm;asmx</Extensions>
    </Filter>
    <Filter Include="헤더 파일">
      <UniqueIdentifier>{93995380-89BD-4b04-88EB-625FBE52EBFB}</UniqueIdentifier>
      <Extensions>h;hh;hpp;hxx;h++;hm;inl;inc;ipp;xsd</Extensions>
    </Filter>
    <Filter Include="리소스 파일">
      <UniqueIdentifier>{67DA6AB6-F800-4c08-8B7A-83BB121AAD01}</UniqueIdentifier>
      <Extensions>rc;ico;cur;bmp;dlg;rc2;rct;bin;rgs;gif;jpg;jpeg;jpe;resx;tiff;tif;png;wav;mfcribbon-ms</Extensions>
    </Filter>
    <Filter Include="소스 파일\Memory">
      <UniqueIdentifier>{5313636e-bcfe-494f-b92c-a4936fdb4578}</UniqueIdentifier>
    </Filter>
    <Filter Include="소스 파일\Reference">
      <UniqueIdentifier>{bff65b69-0793-47c3-acb4-dc1243b979ec}</UniqueIdentifier>
    </Filter>
    <Filter Include="소스 파일\Class">
      <UniqueIdentifier>{d8286777-d25e-4daa-bbd0-fa314f1bb438}</UniqueIdentifier>
    </Filter>
    <Filter Include="소스 파일\ObjArr">
      <UniqueIdentifier>{8c8bdd84-cb9e-4dd4-9760-9e9fb2979523}</UniqueIdentifier>
    </Filter>
    <Filter Include="소스 파일\Static">
      <UniqueIdentifier>{d977c3f5-8d81-4ac5-8ee4-b4c954701740}</UniqueIdentifier>
    </Filter>
    <Filter Include="소스 파일\Cosnt">
      <UniqueIdentifier>{c7016100-9a38-4c7a-83aa-4ee5cd300420}</UniqueIdentifier>
    </Filter>
    <Filter Include="소스 파일\Lab">
      <UniqueIdentifier>{1b40132c-b26f-4f83-a319-f67dd03fb5bb}</UniqueIdentifier>
    </Filter>
    <Filter Include="소스 파일\friend">
      <UniqueIdentifier>{1d860760-a09c-40a0-a9a7-6f9ef9b6401c}</UniqueIdentifier>
    </Filter>
    <Filter Include="소스 파일\NestedClass">
      <UniqueIdentifier>{e6ab8caf-f914-4ae3-83eb-4b747d1c58dd}</UniqueIdentifier>
    </Filter>
    <Filter Include="소스 파일\OperationOverloading">
      <UniqueIdentifier>{6cfbdd1a-c0f3-4626-b55d-65d5526fc41a}</UniqueIdentifier>
    </Filter>
    <Filter Include="소스 파일\Class\Constructor">
      <UniqueIdentifier>{51207d24-54b3-41a8-85ce-b5e974b5c047}</UniqueIdentifier>
    </Filter>
    <Filter Include="소스 파일\Class\Casting">
      <UniqueIdentifier>{8a1124de-ebee-47d8-9ef9-6347c77906d0}</UniqueIdentifier>
    </Filter>
    <Filter Include="소스 파일\Class\Abstract">
      <UniqueIdentifier>{01936e5a-5bd2-499a-bc5b-bb3817133d56}</UniqueIdentifier>
    </Filter>
    <Filter Include="소스 파일\Class\MultipleInheritance">
      <UniqueIdentifier>{cdd8f511-3520-4fba-8cd3-994ff89d774d}</UniqueIdentifier>
    </Filter>
    <Filter Include="소스 파일\Class\FInal">
      <UniqueIdentifier>{2d5e97f2-f2c3-4281-af88-505474eb241c}</UniqueIdentifier>
    </Filter>
    <Filter Include="소스 파일\Polymorphism">
      <UniqueIdentifier>{131f5039-0a88-4ed7-8584-a9357a711a2e}</UniqueIdentifier>
    </Filter>
    <Filter Include="소스 파일\Interface">
      <UniqueIdentifier>{866246ff-d02d-4f6e-be98-e2a0fa264c1c}</UniqueIdentifier>
    </Filter>
    <Filter Include="소스 파일\Template">
      <UniqueIdentifier>{31324466-688a-4436-9a00-8c1097547054}</UniqueIdentifier>
    </Filter>
  </ItemGroup>
  <ItemGroup>
    <ClCompile Include="new.cpp">
      <Filter>소스 파일\Memory</Filter>
    </ClCompile>
    <ClCompile Include="new2.cpp">
      <Filter>소스 파일\Memory</Filter>
    </ClCompile>
    <ClCompile Include="malloc_new.cpp">
      <Filter>소스 파일\Memory</Filter>
    </ClCompile>
    <ClCompile Include="new_delete.cpp">
      <Filter>소스 파일\Memory</Filter>
    </ClCompile>
    <ClCompile Include="new_struct.cpp">
      <Filter>소스 파일\Memory</Filter>
    </ClCompile>
    <ClCompile Include="new_class.cpp">
      <Filter>소스 파일\Memory</Filter>
    </ClCompile>
    <ClCompile Include="test.cpp">
      <Filter>소스 파일</Filter>
    </ClCompile>
    <ClCompile Include="reference1.cpp">
      <Filter>소스 파일\Reference</Filter>
    </ClCompile>
    <ClCompile Include="reference2.cpp">
      <Filter>소스 파일\Reference</Filter>
    </ClCompile>
    <ClCompile Include="constructor.cpp">
      <Filter>소스 파일\Class</Filter>
    </ClCompile>
    <ClCompile Include="constructor2.cpp">
      <Filter>소스 파일\Class</Filter>
    </ClCompile>
    <ClCompile Include="RAII.cpp">
      <Filter>소스 파일\Class</Filter>
    </ClCompile>
    <ClCompile Include="memberInit.cpp">
      <Filter>소스 파일\Class</Filter>
    </ClCompile>
    <ClCompile Include="refMember.cpp">
      <Filter>소스 파일\Class</Filter>
    </ClCompile>
    <ClCompile Include="privatecreator.cpp">
      <Filter>소스 파일\Class</Filter>
    </ClCompile>
    <ClCompile Include="delegatingConstructors.cpp">
      <Filter>소스 파일\Class</Filter>
    </ClCompile>
    <ClCompile Include="objArr.cpp">
      <Filter>소스 파일\ObjArr</Filter>
    </ClCompile>
    <ClCompile Include="objPointerArr.cpp">
      <Filter>소스 파일\ObjArr</Filter>
    </ClCompile>
    <ClCompile Include="this.cpp">
      <Filter>소스 파일\Class</Filter>
    </ClCompile>
    <ClCompile Include="this2.cpp">
      <Filter>소스 파일\Class</Filter>
    </ClCompile>
    <ClCompile Include="callBy.cpp">
      <Filter>소스 파일\Class</Filter>
    </ClCompile>
    <ClCompile Include="pointerArr.cpp">
      <Filter>소스 파일\Class</Filter>
    </ClCompile>
    <ClCompile Include="refReturn.cpp">
      <Filter>소스 파일\Class</Filter>
    </ClCompile>
    <ClCompile Include="size.cpp">
      <Filter>소스 파일\Class</Filter>
    </ClCompile>
    <ClCompile Include="constObjPointer.cpp">
      <Filter>소스 파일\Cosnt</Filter>
    </ClCompile>
    <ClCompile Include="mutable.cpp">
      <Filter>소스 파일\Cosnt</Filter>
    </ClCompile>
    <ClCompile Include="constObject.cpp">
      <Filter>소스 파일\Cosnt</Filter>
    </ClCompile>
    <ClCompile Include="staticCommon.cpp">
      <Filter>소스 파일\Static</Filter>
    </ClCompile>
    <ClCompile Include="staticMember.cpp">
      <Filter>소스 파일\Static</Filter>
    </ClCompile>
    <ClCompile Include="Lab_ObjArr.cpp">
      <Filter>소스 파일\Lab</Filter>
    </ClCompile>
    <ClCompile Include="Lab_Singleton.cpp">
      <Filter>소스 파일\Lab</Filter>
    </ClCompile>
    <ClCompile Include="define.cpp">
      <Filter>소스 파일\Static</Filter>
    </ClCompile>
    <ClCompile Include="friendFunc.cpp">
      <Filter>소스 파일\friend</Filter>
    </ClCompile>
    <ClCompile Include="friendClass.cpp">
      <Filter>소스 파일\friend</Filter>
    </ClCompile>
    <ClCompile Include="friendMemberFunc.cpp">
      <Filter>소스 파일\friend</Filter>
    </ClCompile>
    <ClCompile Include="friend_test2.cpp">
      <Filter>소스 파일\friend</Filter>
    </ClCompile>
    <ClCompile Include="friend_test1.cpp">
      <Filter>소스 파일\friend</Filter>
    </ClCompile>
    <ClCompile Include="nestedClass.cpp">
      <Filter>소스 파일\NestedClass</Filter>
    </ClCompile>
    <ClCompile Include="nestedClass2.cpp">
      <Filter>소스 파일\NestedClass</Filter>
    </ClCompile>
    <ClCompile Include="nestedClass3.cpp">
      <Filter>소스 파일\NestedClass</Filter>
    </ClCompile>
    <ClCompile Include="ArrayManager.cpp">
      <Filter>소스 파일\Class</Filter>
    </ClCompile>
    <ClCompile Include="allocation.cpp">
      <Filter>소스 파일\Memory</Filter>
    </ClCompile>
    <ClCompile Include="OperationOverloading.cpp">
      <Filter>소스 파일\OperationOverloading</Filter>
    </ClCompile>
    <ClCompile Include="singletone.cpp">
      <Filter>소스 파일\Static</Filter>
    </ClCompile>
    <ClCompile Include="plusSunFuOperator.cpp">
      <Filter>소스 파일\OperationOverloading</Filter>
    </ClCompile>
    <ClCompile Include="plusSunFuOperator2.cpp">
      <Filter>소스 파일\OperationOverloading</Filter>
    </ClCompile>
    <ClCompile Include="operator=.cpp">
      <Filter>소스 파일\OperationOverloading</Filter>
    </ClCompile>
    <ClCompile Include="operator[].cpp">
      <Filter>소스 파일\OperationOverloading</Filter>
    </ClCompile>
    <ClCompile Include="operatorPointer.cpp">
      <Filter>소스 파일\OperationOverloading</Filter>
    </ClCompile>
    <ClCompile Include="functor.cpp">
      <Filter>소스 파일\OperationOverloading</Filter>
    </ClCompile>
    <ClCompile Include="functorSort.cpp">
      <Filter>소스 파일\OperationOverloading</Filter>
    </ClCompile>
    <ClCompile Include="copyConstructor.cpp">
      <Filter>소스 파일\Class\Constructor</Filter>
    </ClCompile>
    <ClCompile Include="Lab_MemoryLeak.cpp">
      <Filter>소스 파일\Lab</Filter>
    </ClCompile>
    <ClCompile Include="Lab_DynamicArrayClass.cpp">
      <Filter>소스 파일\Lab</Filter>
    </ClCompile>
    <ClCompile Include="Lab_OperatorOverlaoding.cpp">
      <Filter>소스 파일\Lab</Filter>
    </ClCompile>
    <ClCompile Include="copyConstructor2.cpp">
      <Filter>소스 파일\Class\Constructor</Filter>
    </ClCompile>
    <ClCompile Include="moveConstructor.cpp">
      <Filter>소스 파일\Class\Constructor</Filter>
    </ClCompile>
    <ClCompile Include="trans.cpp">
      <Filter>소스 파일\Class\Constructor</Filter>
    </ClCompile>
    <ClCompile Include="Lab_String.cpp">
      <Filter>소스 파일\Lab</Filter>
    </ClCompile>
    <ClCompile Include="casting.cpp">
      <Filter>소스 파일\Class\Casting</Filter>
    </ClCompile>
    <ClCompile Include="upcastingOverriding.cpp">
      <Filter>소스 파일\Class\Casting</Filter>
    </ClCompile>
    <ClCompile Include="DynamicBinding.cpp">
      <Filter>소스 파일\Polymorphism</Filter>
    </ClCompile>
    <ClCompile Include="Polymorphism.cpp">
      <Filter>소스 파일\Polymorphism</Filter>
    </ClCompile>
    <ClCompile Include="ItemPolymorphism.cpp">
      <Filter>소스 파일\Polymorphism</Filter>
    </ClCompile>
    <ClCompile Include="abstract.cpp">
      <Filter>소스 파일\Class\Abstract</Filter>
    </ClCompile>
    <ClCompile Include="virtualExtinct .cpp">
      <Filter>소스 파일\Class\Abstract</Filter>
    </ClCompile>
    <ClCompile Include="MultipleInheritance.cpp">
      <Filter>소스 파일\Class\MultipleInheritance</Filter>
    </ClCompile>
    <ClCompile Include="final.cpp">
      <Filter>소스 파일\Class\FInal</Filter>
    </ClCompile>
    <ClCompile Include="RTTI1.cpp">
      <Filter>소스 파일\Polymorphism</Filter>
    </ClCompile>
    <ClCompile Include="RTTI2.cpp">
      <Filter>소스 파일\Polymorphism</Filter>
    </ClCompile>
    <ClCompile Include="OperatorInheritance1.cpp">
      <Filter>소스 파일\OperationOverloading</Filter>
    </ClCompile>
    <ClCompile Include="OperatorInheritance2.cpp">
      <Filter>소스 파일\OperationOverloading</Filter>
    </ClCompile>
    <ClCompile Include="OperatorInheritance3.cpp">
      <Filter>소스 파일\OperationOverloading</Filter>
    </ClCompile>
    <ClCompile Include="OperatorInheritance4.cpp">
      <Filter>소스 파일\OperationOverloading</Filter>
    </ClCompile>
    <ClCompile Include="interface1.cpp">
      <Filter>소스 파일\Interface</Filter>
    </ClCompile>
    <ClCompile Include="interface2.cpp">
      <Filter>소스 파일\Interface</Filter>
    </ClCompile>
    <ClCompile Include="interface3.cpp">
      <Filter>소스 파일\Interface</Filter>
    </ClCompile>
    <ClCompile Include="covariantReturnRule.cpp">
      <Filter>소스 파일\Interface</Filter>
    </ClCompile>
    <ClCompile Include="template.cpp">
      <Filter>소스 파일\Template</Filter>
    </ClCompile>
    <ClCompile Include="templateClass.cpp">
      <Filter>소스 파일\Template</Filter>
    </ClCompile>
    <ClCompile Include="templateClassAgrs.cpp">
      <Filter>소스 파일\Template</Filter>
    </ClCompile>
    <ClCompile Include="decltype.cpp">
      <Filter>소스 파일\Template</Filter>
    </ClCompile>
    <ClCompile Include="overloaing.cpp">
      <Filter>소스 파일\Template</Filter>
    </ClCompile>
    <ClCompile Include="templateSpecialization.cpp">
      <Filter>소스 파일\Template</Filter>
    </ClCompile>
    <ClCompile Include="templateClassSpecialization.cpp">
      <Filter>소스 파일\Template</Filter>
    </ClCompile>
    <ClCompile Include="templateClassPartSpecialization.cpp">
      <Filter>소스 파일\Template</Filter>
    </ClCompile>
    <ClCompile Include="tempaleInit.cpp">
      <Filter>소스 파일\Template</Filter>
    </ClCompile>
    <ClCompile Include="templateStaticMember.cpp">
      <Filter>소스 파일\Template</Filter>
    </ClCompile>
    <ClCompile Include="templateMember.cpp">
      <Filter>소스 파일\Template</Filter>
    </ClCompile>
    <ClCompile Include="variableTemplate.cpp">
      <Filter>소스 파일\Template</Filter>
    </ClCompile>
    <ClCompile Include="Lab_Polymorphism.cpp">
      <Filter>소스 파일\Lab</Filter>
    </ClCompile>
  </ItemGroup>
  <ItemGroup>
    <ClInclude Include="templateClass.hpp">
      <Filter>소스 파일\Template</Filter>
    </ClInclude>
  </ItemGroup>
</Project>